
Microsoft Visual Studio Solution File, Format Version 12.00
# Visual Studio Version 16
VisualStudioVersion = 16.0.30225.117
MinimumVisualStudioVersion = 10.0.40219.1
Project("{FAE04EC0-301F-11D3-BF4B-00C04F79EFBC}") = "xxPro.UI", "xxPro.UI\xxPro.UI.csproj", "{921FB709-28F4-4049-87DE-2D22F0DD0788}"
EndProject
Project("{FAE04EC0-301F-11D3-BF4B-00C04F79EFBC}") = "CS18", "CS18\CS18.csproj", "{E09C615A-E6CE-4F10-BCC9-4737D456735D}"
EndProject
Project("{FAE04EC0-301F-11D3-BF4B-00C04F79EFBC}") = "CS18_2", "CS18-2\CS18_2.csproj", "{AE21A283-1E0C-4C71-A42B-8630AD8E79D0}"
EndProject
Project("{FAE04EC0-301F-11D3-BF4B-00C04F79EFBC}") = "CS21", "CS21\CS21.csproj", "{7A139190-6FFA-454D-B4BE-33621F886DFF}"
EndProject
Project("{FAE04EC0-301F-11D3-BF4B-00C04F79EFBC}") = "CS22", "CS22\CS22.csproj", "{35CBC319-9C0B-40FE-92E9-64266D100083}"
EndProject
Project("{FAE04EC0-301F-11D3-BF4B-00C04F79EFBC}") = "CS23", "CS23\CS23.csproj", "{050FA2EC-86D5-4ABD-B76A-467BC719F437}"
EndProject
Project("{FAE04EC0-301F-11D3-BF4B-00C04F79EFBC}") = "CS25", "CS25\CS25.csproj", "{C5B0F95C-0565-4074-A85C-869BE7CC0AC2}"
EndProject
Project("{FAE04EC0-301F-11D3-BF4B-00C04F79EFBC}") = "CS26", "CS26\CS26.csproj", "{0FB79DDE-4048-4034-80D8-66C51F2E8875}"
EndProject
Project("{FAE04EC0-301F-11D3-BF4B-00C04F79EFBC}") = "CS28", "CS28\CS28.csproj", "{5DAC0004-BF3A-4263-B757-D6671259787A}"
EndProject
Project("{FAE04EC0-301F-11D3-BF4B-00C04F79EFBC}") = "CS29", "CS29\CS29.csproj", "{0B2F43F5-E35E-4687-9C39-DE7FDA6DB5B8}"
EndProject
Global
	GlobalSection(SolutionConfigurationPlatforms) = preSolution
		Debug|Any CPU = Debug|Any CPU
		Release|Any CPU = Release|Any CPU
	EndGlobalSection
	GlobalSection(ProjectConfigurationPlatforms) = postSolution
		{921FB709-28F4-4049-87DE-2D22F0DD0788}.Debug|Any CPU.ActiveCfg = Debug|Any CPU
		{921FB709-28F4-4049-87DE-2D22F0DD0788}.Debug|Any CPU.Build.0 = Debug|Any CPU
		{921FB709-28F4-4049-87DE-2D22F0DD0788}.Release|Any CPU.ActiveCfg = Release|Any CPU
		{921FB709-28F4-4049-87DE-2D22F0DD0788}.Release|Any CPU.Build.0 = Release|Any CPU
		{E09C615A-E6CE-4F10-BCC9-4737D456735D}.Debug|Any CPU.ActiveCfg = Debug|Any CPU
		{E09C615A-E6CE-4F10-BCC9-4737D456735D}.Debug|Any CPU.Build.0 = Debug|Any CPU
		{E09C615A-E6CE-4F10-BCC9-4737D456735D}.Release|Any CPU.ActiveCfg = Release|Any CPU
		{E09C615A-E6CE-4F10-BCC9-4737D456735D}.Release|Any CPU.Build.0 = Release|Any CPU
		{AE21A283-1E0C-4C71-A42B-8630AD8E79D0}.Debug|Any CPU.ActiveCfg = Debug|Any CPU
		{AE21A283-1E0C-4C71-A42B-8630AD8E79D0}.Debug|Any CPU.Build.0 = Debug|Any CPU
		{AE21A283-1E0C-4C71-A42B-8630AD8E79D0}.Release|Any CPU.ActiveCfg = Release|Any CPU
		{AE21A283-1E0C-4C71-A42B-8630AD8E79D0}.Release|Any CPU.Build.0 = Release|Any CPU
		{7A139190-6FFA-454D-B4BE-33621F886DFF}.Debug|Any CPU.ActiveCfg = Debug|Any CPU
		{7A139190-6FFA-454D-B4BE-33621F886DFF}.Debug|Any CPU.Build.0 = Debug|Any CPU
		{7A139190-6FFA-454D-B4BE-33621F886DFF}.Release|Any CPU.ActiveCfg = Release|Any CPU
		{7A139190-6FFA-454D-B4BE-33621F886DFF}.Release|Any CPU.Build.0 = Release|Any CPU
		{35CBC319-9C0B-40FE-92E9-64266D100083}.Debug|Any CPU.ActiveCfg = Debug|Any CPU
		{35CBC319-9C0B-40FE-92E9-64266D100083}.Debug|Any CPU.Build.0 = Debug|Any CPU
		{35CBC319-9C0B-40FE-92E9-64266D100083}.Release|Any CPU.ActiveCfg = Release|Any CPU
		{35CBC319-9C0B-40FE-92E9-64266D100083}.Release|Any CPU.Build.0 = Release|Any CPU
		{050FA2EC-86D5-4ABD-B76A-467BC719F437}.Debug|Any CPU.ActiveCfg = Debug|Any CPU
		{050FA2EC-86D5-4ABD-B76A-467BC719F437}.Debug|Any CPU.Build.0 = Debug|Any CPU
		{050FA2EC-86D5-4ABD-B76A-467BC719F437}.Release|Any CPU.ActiveCfg = Release|Any CPU
		{050FA2EC-86D5-4ABD-B76A-467BC719F437}.Release|Any CPU.Build.0 = Release|Any CPU
		{C5B0F95C-0565-4074-A85C-869BE7CC0AC2}.Debug|Any CPU.ActiveCfg = Debug|Any CPU
		{C5B0F95C-0565-4074-A85C-869BE7CC0AC2}.Debug|Any CPU.Build.0 = Debug|Any CPU
		{C5B0F95C-0565-4074-A85C-869BE7CC0AC2}.Release|Any CPU.ActiveCfg = Release|Any CPU
		{C5B0F95C-0565-4074-A85C-869BE7CC0AC2}.Release|Any CPU.Build.0 = Release|Any CPU
		{0FB79DDE-4048-4034-80D8-66C51F2E8875}.Debug|Any CPU.ActiveCfg = Debug|Any CPU
		{0FB79DDE-4048-4034-80D8-66C51F2E8875}.Debug|Any CPU.Build.0 = Debug|Any CPU
		{0FB79DDE-4048-4034-80D8-66C51F2E8875}.Release|Any CPU.ActiveCfg = Release|Any CPU
		{0FB79DDE-4048-4034-80D8-66C51F2E8875}.Release|Any CPU.Build.0 = Release|Any CPU
		{5DAC0004-BF3A-4263-B757-D6671259787A}.Debug|Any CPU.ActiveCfg = Debug|Any CPU
		{5DAC0004-BF3A-4263-B757-D6671259787A}.Debug|Any CPU.Build.0 = Debug|Any CPU
		{5DAC0004-BF3A-4263-B757-D6671259787A}.Release|Any CPU.ActiveCfg = Release|Any CPU
		{5DAC0004-BF3A-4263-B757-D6671259787A}.Release|Any CPU.Build.0 = Release|Any CPU
		{0B2F43F5-E35E-4687-9C39-DE7FDA6DB5B8}.Debug|Any CPU.ActiveCfg = Debug|Any CPU
		{0B2F43F5-E35E-4687-9C39-DE7FDA6DB5B8}.Debug|Any CPU.Build.0 = Debug|Any CPU
		{0B2F43F5-E35E-4687-9C39-DE7FDA6DB5B8}.Release|Any CPU.ActiveCfg = Release|Any CPU
		{0B2F43F5-E35E-4687-9C39-DE7FDA6DB5B8}.Release|Any CPU.Build.0 = Release|Any CPU
	EndGlobalSection
	GlobalSection(SolutionProperties) = preSolution
		HideSolutionNode = FALSE
	EndGlobalSection
	GlobalSection(ExtensibilityGlobals) = postSolution
		SolutionGuid = {A92A4DCB-FD1A-4CF2-B0C4-C9A9A7B4423D}
	EndGlobalSection
EndGlobal
